
Microsoft Visual Studio Solution File, Format Version 12.00
# Visual Studio Version 16
VisualStudioVersion = 16.0.30517.126
MinimumVisualStudioVersion = 10.0.40219.1
Project("{FAE04EC0-301F-11D3-BF4B-00C04F79EFBC}") = "SendNotification", "SendNotification\SendNotification.csproj", "{47F7B522-2CAB-46ED-BE79-D2E225ED3BE2}"
EndProject
Global
	GlobalSection(SolutionConfigurationPlatforms) = preSolution
		Debug|Any CPU = Debug|Any CPU
		Release|Any CPU = Release|Any CPU
	EndGlobalSection
	GlobalSection(ProjectConfigurationPlatforms) = postSolution
		{47F7B522-2CAB-46ED-BE79-D2E225ED3BE2}.Debug|Any CPU.ActiveCfg = Debug|Any CPU
		{47F7B522-2CAB-46ED-BE79-D2E225ED3BE2}.Debug|Any CPU.Build.0 = Debug|Any CPU
		{47F7B522-2CAB-46ED-BE79-D2E225ED3BE2}.Release|Any CPU.ActiveCfg = Release|Any CPU
		{47F7B522-2CAB-46ED-BE79-D2E225ED3BE2}.Release|Any CPU.Build.0 = Release|Any CPU
	EndGlobalSection
	GlobalSection(SolutionProperties) = preSolution
		HideSolutionNode = FALSE
	EndGlobalSection
	GlobalSection(ExtensibilityGlobals) = postSolution
		SolutionGuid = {AE9E5B00-B50F-4C82-B950-BDBB92EDC41A}
	EndGlobalSection
EndGlobal
